// !$*UTF8*$!
{
	archiveVersion = 1;
	classes = {
	};
	objectVersion = 46;
	objects = {

/* Begin PBXBuildFile section */
		C82D32A41AE0F93F008B7273 /* DPCustomSlider.m in Sources */ = {isa = PBXBuildFile; fileRef = C82D329F1AE0F93F008B7273 /* DPCustomSlider.m */; };
		C82D32A51AE0F93F008B7273 /* VideoPlayerView.m in Sources */ = {isa = PBXBuildFile; fileRef = C82D32A11AE0F93F008B7273 /* VideoPlayerView.m */; };
		C82D32A61AE0F93F008B7273 /* VideoPlayerViewController.m in Sources */ = {isa = PBXBuildFile; fileRef = C82D32A31AE0F93F008B7273 /* VideoPlayerViewController.m */; };
		C84A30C01ACD4B8D002F5FC9 /* main.m in Sources */ = {isa = PBXBuildFile; fileRef = C84A30BF1ACD4B8D002F5FC9 /* main.m */; };
		C84A30C31ACD4B8D002F5FC9 /* AppDelegate.m in Sources */ = {isa = PBXBuildFile; fileRef = C84A30C21ACD4B8D002F5FC9 /* AppDelegate.m */; };
		C84A30C61ACD4B8D002F5FC9 /* ViewController.m in Sources */ = {isa = PBXBuildFile; fileRef = C84A30C51ACD4B8D002F5FC9 /* ViewController.m */; };
		C84A30C91ACD4B8D002F5FC9 /* Main.storyboard in Resources */ = {isa = PBXBuildFile; fileRef = C84A30C71ACD4B8D002F5FC9 /* Main.storyboard */; };
		C84A30CB1ACD4B8D002F5FC9 /* Images.xcassets in Resources */ = {isa = PBXBuildFile; fileRef = C84A30CA1ACD4B8D002F5FC9 /* Images.xcassets */; };
		C84A30CE1ACD4B8D002F5FC9 /* LaunchScreen.xib in Resources */ = {isa = PBXBuildFile; fileRef = C84A30CC1ACD4B8D002F5FC9 /* LaunchScreen.xib */; };
		C84A30DA1ACD4B8E002F5FC9 /* DPHeroSliderTests.m in Sources */ = {isa = PBXBuildFile; fileRef = C84A30D91ACD4B8E002F5FC9 /* DPHeroSliderTests.m */; };
		C84A30EC1ACD4D99002F5FC9 /* 1.jpg in Resources */ = {isa = PBXBuildFile; fileRef = C84A30E71ACD4D99002F5FC9 /* 1.jpg */; };
		C84A30ED1ACD4D99002F5FC9 /* 2.jpg in Resources */ = {isa = PBXBuildFile; fileRef = C84A30E81ACD4D99002F5FC9 /* 2.jpg */; };
		C84A30EE1ACD4D99002F5FC9 /* 3.jpg in Resources */ = {isa = PBXBuildFile; fileRef = C84A30E91ACD4D99002F5FC9 /* 3.jpg */; };
		C84A30EF1ACD4D99002F5FC9 /* 4.jpg in Resources */ = {isa = PBXBuildFile; fileRef = C84A30EA1ACD4D99002F5FC9 /* 4.jpg */; };
		C84A30F01ACD4D99002F5FC9 /* 5.jpg in Resources */ = {isa = PBXBuildFile; fileRef = C84A30EB1ACD4D99002F5FC9 /* 5.jpg */; };
		C872770E1AD3DCEB008FAD5F /* video_1.mp4 in Resources */ = {isa = PBXBuildFile; fileRef = C872770D1AD3DCEB008FAD5F /* video_1.mp4 */; };
		C87277101AD40DA1008FAD5F /* hero banner Type 1.png in Resources */ = {isa = PBXBuildFile; fileRef = C872770F1AD40DA1008FAD5F /* hero banner Type 1.png */; };
		C8EE1B9C1AD2A59E00F0FE37 /* big_buck_bunny.mp4 in Resources */ = {isa = PBXBuildFile; fileRef = C8EE1B9B1AD2A59E00F0FE37 /* big_buck_bunny.mp4 */; };
/* End PBXBuildFile section */

/* Begin PBXContainerItemProxy section */
		C84A30D41ACD4B8E002F5FC9 /* PBXContainerItemProxy */ = {
			isa = PBXContainerItemProxy;
			containerPortal = C84A30B21ACD4B8D002F5FC9 /* Project object */;
			proxyType = 1;
			remoteGlobalIDString = C84A30B91ACD4B8D002F5FC9;
			remoteInfo = DPHeroSlider;
		};
/* End PBXContainerItemProxy section */

/* Begin PBXFileReference section */
		C82D329E1AE0F93F008B7273 /* DPCustomSlider.h */ = {isa = PBXFileReference; fileEncoding = 4; lastKnownFileType = sourcecode.c.h; path = DPCustomSlider.h; sourceTree = "<group>"; };
		C82D329F1AE0F93F008B7273 /* DPCustomSlider.m */ = {isa = PBXFileReference; fileEncoding = 4; lastKnownFileType = sourcecode.c.objc; path = DPCustomSlider.m; sourceTree = "<group>"; wrapsLines = 0; };
		C82D32A01AE0F93F008B7273 /* VideoPlayerView.h */ = {isa = PBXFileReference; fileEncoding = 4; lastKnownFileType = sourcecode.c.h; path = VideoPlayerView.h; sourceTree = "<group>"; };
		C82D32A11AE0F93F008B7273 /* VideoPlayerView.m */ = {isa = PBXFileReference; fileEncoding = 4; lastKnownFileType = sourcecode.c.objc; path = VideoPlayerView.m; sourceTree = "<group>"; };
		C82D32A21AE0F93F008B7273 /* VideoPlayerViewController.h */ = {isa = PBXFileReference; fileEncoding = 4; lastKnownFileType = sourcecode.c.h; path = VideoPlayerViewController.h; sourceTree = "<group>"; };
		C82D32A31AE0F93F008B7273 /* VideoPlayerViewController.m */ = {isa = PBXFileReference; fileEncoding = 4; lastKnownFileType = sourcecode.c.objc; path = VideoPlayerViewController.m; sourceTree = "<group>"; };
		C84A30BA1ACD4B8D002F5FC9 /* DPHeroSlider.app */ = {isa = PBXFileReference; explicitFileType = wrapper.application; includeInIndex = 0; path = DPHeroSlider.app; sourceTree = BUILT_PRODUCTS_DIR; };
		C84A30BE1ACD4B8D002F5FC9 /* Info.plist */ = {isa = PBXFileReference; lastKnownFileType = text.plist.xml; path = Info.plist; sourceTree = "<group>"; };
		C84A30BF1ACD4B8D002F5FC9 /* main.m */ = {isa = PBXFileReference; lastKnownFileType = sourcecode.c.objc; path = main.m; sourceTree = "<group>"; };
		C84A30C11ACD4B8D002F5FC9 /* AppDelegate.h */ = {isa = PBXFileReference; lastKnownFileType = sourcecode.c.h; path = AppDelegate.h; sourceTree = "<group>"; };
		C84A30C21ACD4B8D002F5FC9 /* AppDelegate.m */ = {isa = PBXFileReference; lastKnownFileType = sourcecode.c.objc; path = AppDelegate.m; sourceTree = "<group>"; };
		C84A30C41ACD4B8D002F5FC9 /* ViewController.h */ = {isa = PBXFileReference; lastKnownFileType = sourcecode.c.h; path = ViewController.h; sourceTree = "<group>"; };
		C84A30C51ACD4B8D002F5FC9 /* ViewController.m */ = {isa = PBXFileReference; lastKnownFileType = sourcecode.c.objc; path = ViewController.m; sourceTree = "<group>"; tabWidth = 3; };
		C84A30C81ACD4B8D002F5FC9 /* Base */ = {isa = PBXFileReference; lastKnownFileType = file.storyboard; name = Base; path = Base.lproj/Main.storyboard; sourceTree = "<group>"; };
		C84A30CA1ACD4B8D002F5FC9 /* Images.xcassets */ = {isa = PBXFileReference; lastKnownFileType = folder.assetcatalog; path = Images.xcassets; sourceTree = "<group>"; };
		C84A30CD1ACD4B8D002F5FC9 /* Base */ = {isa = PBXFileReference; lastKnownFileType = file.xib; name = Base; path = Base.lproj/LaunchScreen.xib; sourceTree = "<group>"; };
		C84A30D31ACD4B8E002F5FC9 /* DPHeroSliderTests.xctest */ = {isa = PBXFileReference; explicitFileType = wrapper.cfbundle; includeInIndex = 0; path = DPHeroSliderTests.xctest; sourceTree = BUILT_PRODUCTS_DIR; };
		C84A30D81ACD4B8E002F5FC9 /* Info.plist */ = {isa = PBXFileReference; lastKnownFileType = text.plist.xml; path = Info.plist; sourceTree = "<group>"; };
		C84A30D91ACD4B8E002F5FC9 /* DPHeroSliderTests.m */ = {isa = PBXFileReference; lastKnownFileType = sourcecode.c.objc; path = DPHeroSliderTests.m; sourceTree = "<group>"; };
		C84A30E71ACD4D99002F5FC9 /* 1.jpg */ = {isa = PBXFileReference; lastKnownFileType = image.jpeg; path = 1.jpg; sourceTree = "<group>"; };
		C84A30E81ACD4D99002F5FC9 /* 2.jpg */ = {isa = PBXFileReference; lastKnownFileType = image.jpeg; path = 2.jpg; sourceTree = "<group>"; };
		C84A30E91ACD4D99002F5FC9 /* 3.jpg */ = {isa = PBXFileReference; lastKnownFileType = image.jpeg; path = 3.jpg; sourceTree = "<group>"; };
		C84A30EA1ACD4D99002F5FC9 /* 4.jpg */ = {isa = PBXFileReference; lastKnownFileType = image.jpeg; path = 4.jpg; sourceTree = "<group>"; };
		C84A30EB1ACD4D99002F5FC9 /* 5.jpg */ = {isa = PBXFileReference; lastKnownFileType = image.jpeg; path = 5.jpg; sourceTree = "<group>"; };
		C872770D1AD3DCEB008FAD5F /* video_1.mp4 */ = {isa = PBXFileReference; lastKnownFileType = file; path = video_1.mp4; sourceTree = "<group>"; };
		C872770F1AD40DA1008FAD5F /* hero banner Type 1.png */ = {isa = PBXFileReference; lastKnownFileType = image.png; path = "hero banner Type 1.png"; sourceTree = "<group>"; };
		C87277111AD40F3D008FAD5F /* RobotoCondensed-Regular.ttf */ = {isa = PBXFileReference; lastKnownFileType = file; path = "RobotoCondensed-Regular.ttf"; sourceTree = "<group>"; };
		C8EE1B9B1AD2A59E00F0FE37 /* big_buck_bunny.mp4 */ = {isa = PBXFileReference; lastKnownFileType = file; path = big_buck_bunny.mp4; sourceTree = "<group>"; };
/* End PBXFileReference section */

/* Begin PBXFrameworksBuildPhase section */
		C84A30B71ACD4B8D002F5FC9 /* Frameworks */ = {
			isa = PBXFrameworksBuildPhase;
			buildActionMask = 2147483647;
			files = (
			);
			runOnlyForDeploymentPostprocessing = 0;
		};
		C84A30D01ACD4B8E002F5FC9 /* Frameworks */ = {
			isa = PBXFrameworksBuildPhase;
			buildActionMask = 2147483647;
			files = (
			);
			runOnlyForDeploymentPostprocessing = 0;
		};
/* End PBXFrameworksBuildPhase section */

/* Begin PBXGroup section */
		C82D329D1AE0F93F008B7273 /* DPHeroSliderComponent */ = {
			isa = PBXGroup;
			children = (
				C82D329E1AE0F93F008B7273 /* DPCustomSlider.h */,
				C82D329F1AE0F93F008B7273 /* DPCustomSlider.m */,
				C82D32A01AE0F93F008B7273 /* VideoPlayerView.h */,
				C82D32A11AE0F93F008B7273 /* VideoPlayerView.m */,
				C82D32A21AE0F93F008B7273 /* VideoPlayerViewController.h */,
				C82D32A31AE0F93F008B7273 /* VideoPlayerViewController.m */,
			);
			path = DPHeroSliderComponent;
			sourceTree = "<group>";
		};
		C84A30B11ACD4B8D002F5FC9 = {
			isa = PBXGroup;
			children = (
				C84A30BC1ACD4B8D002F5FC9 /* DPHeroSlider */,
				C84A30D61ACD4B8E002F5FC9 /* DPHeroSliderTests */,
				C84A30BB1ACD4B8D002F5FC9 /* Products */,
			);
			sourceTree = "<group>";
		};
		C84A30BB1ACD4B8D002F5FC9 /* Products */ = {
			isa = PBXGroup;
			children = (
				C84A30BA1ACD4B8D002F5FC9 /* DPHeroSlider.app */,
				C84A30D31ACD4B8E002F5FC9 /* DPHeroSliderTests.xctest */,
			);
			name = Products;
			sourceTree = "<group>";
		};
		C84A30BC1ACD4B8D002F5FC9 /* DPHeroSlider */ = {
			isa = PBXGroup;
			children = (
				C82D329D1AE0F93F008B7273 /* DPHeroSliderComponent */,
				C84A30C11ACD4B8D002F5FC9 /* AppDelegate.h */,
				C84A30C21ACD4B8D002F5FC9 /* AppDelegate.m */,
				C84A30C41ACD4B8D002F5FC9 /* ViewController.h */,
				C84A30C51ACD4B8D002F5FC9 /* ViewController.m */,
				C84A30C71ACD4B8D002F5FC9 /* Main.storyboard */,
				C84A30CA1ACD4B8D002F5FC9 /* Images.xcassets */,
				C84A30CC1ACD4B8D002F5FC9 /* LaunchScreen.xib */,
				C84A30BD1ACD4B8D002F5FC9 /* Supporting Files */,
			);
			path = DPHeroSlider;
			sourceTree = "<group>";
		};
		C84A30BD1ACD4B8D002F5FC9 /* Supporting Files */ = {
			isa = PBXGroup;
			children = (
				C87277111AD40F3D008FAD5F /* RobotoCondensed-Regular.ttf */,
				C872770F1AD40DA1008FAD5F /* hero banner Type 1.png */,
				C872770D1AD3DCEB008FAD5F /* video_1.mp4 */,
				C8EE1B9B1AD2A59E00F0FE37 /* big_buck_bunny.mp4 */,
				C84A30E71ACD4D99002F5FC9 /* 1.jpg */,
				C84A30E81ACD4D99002F5FC9 /* 2.jpg */,
				C84A30E91ACD4D99002F5FC9 /* 3.jpg */,
				C84A30EA1ACD4D99002F5FC9 /* 4.jpg */,
				C84A30EB1ACD4D99002F5FC9 /* 5.jpg */,
				C84A30BE1ACD4B8D002F5FC9 /* Info.plist */,
				C84A30BF1ACD4B8D002F5FC9 /* main.m */,
			);
			name = "Supporting Files";
			sourceTree = "<group>";
		};
		C84A30D61ACD4B8E002F5FC9 /* DPHeroSliderTests */ = {
			isa = PBXGroup;
			children = (
				C84A30D91ACD4B8E002F5FC9 /* DPHeroSliderTests.m */,
				C84A30D71ACD4B8E002F5FC9 /* Supporting Files */,
			);
			path = DPHeroSliderTests;
			sourceTree = "<group>";
		};
		C84A30D71ACD4B8E002F5FC9 /* Supporting Files */ = {
			isa = PBXGroup;
			children = (
				C84A30D81ACD4B8E002F5FC9 /* Info.plist */,
			);
			name = "Supporting Files";
			sourceTree = "<group>";
		};
/* End PBXGroup section */

/* Begin PBXNativeTarget section */
		C84A30B91ACD4B8D002F5FC9 /* DPHeroSlider */ = {
			isa = PBXNativeTarget;
			buildConfigurationList = C84A30DD1ACD4B8E002F5FC9 /* Build configuration list for PBXNativeTarget "DPHeroSlider" */;
			buildPhases = (
				C84A30B61ACD4B8D002F5FC9 /* Sources */,
				C84A30B71ACD4B8D002F5FC9 /* Frameworks */,
				C84A30B81ACD4B8D002F5FC9 /* Resources */,
			);
			buildRules = (
			);
			dependencies = (
			);
			name = DPHeroSlider;
			productName = DPHeroSlider;
			productReference = C84A30BA1ACD4B8D002F5FC9 /* DPHeroSlider.app */;
			productType = "com.apple.product-type.application";
		};
		C84A30D21ACD4B8E002F5FC9 /* DPHeroSliderTests */ = {
			isa = PBXNativeTarget;
			buildConfigurationList = C84A30E01ACD4B8E002F5FC9 /* Build configuration list for PBXNativeTarget "DPHeroSliderTests" */;
			buildPhases = (
				C84A30CF1ACD4B8E002F5FC9 /* Sources */,
				C84A30D01ACD4B8E002F5FC9 /* Frameworks */,
				C84A30D11ACD4B8E002F5FC9 /* Resources */,
			);
			buildRules = (
			);
			dependencies = (
				C84A30D51ACD4B8E002F5FC9 /* PBXTargetDependency */,
			);
			name = DPHeroSliderTests;
			productName = DPHeroSliderTests;
			productReference = C84A30D31ACD4B8E002F5FC9 /* DPHeroSliderTests.xctest */;
			productType = "com.apple.product-type.bundle.unit-test";
		};
/* End PBXNativeTarget section */

/* Begin PBXProject section */
		C84A30B21ACD4B8D002F5FC9 /* Project object */ = {
			isa = PBXProject;
			attributes = {
				LastUpgradeCheck = 0620;
				ORGANIZATIONNAME = "Jitendra Mishra";
				TargetAttributes = {
					C84A30B91ACD4B8D002F5FC9 = {
						CreatedOnToolsVersion = 6.2;
					};
					C84A30D21ACD4B8E002F5FC9 = {
						CreatedOnToolsVersion = 6.2;
						TestTargetID = C84A30B91ACD4B8D002F5FC9;
					};
				};
			};
			buildConfigurationList = C84A30B51ACD4B8D002F5FC9 /* Build configuration list for PBXProject "DPHeroSlider" */;
			compatibilityVersion = "Xcode 3.2";
			developmentRegion = English;
			hasScannedForEncodings = 0;
			knownRegions = (
				en,
				Base,
			);
			mainGroup = C84A30B11ACD4B8D002F5FC9;
			productRefGroup = C84A30BB1ACD4B8D002F5FC9 /* Products */;
			projectDirPath = "";
			projectRoot = "";
			targets = (
				C84A30B91ACD4B8D002F5FC9 /* DPHeroSlider */,
				C84A30D21ACD4B8E002F5FC9 /* DPHeroSliderTests */,
			);
		};
/* End PBXProject section */

/* Begin PBXResourcesBuildPhase section */
		C84A30B81ACD4B8D002F5FC9 /* Resources */ = {
			isa = PBXResourcesBuildPhase;
			buildActionMask = 2147483647;
			files = (
				C84A30C91ACD4B8D002F5FC9 /* Main.storyboard in Resources */,
				C87277101AD40DA1008FAD5F /* hero banner Type 1.png in Resources */,
				C84A30F01ACD4D99002F5FC9 /* 5.jpg in Resources */,
				C84A30EF1ACD4D99002F5FC9 /* 4.jpg in Resources */,
				C84A30EC1ACD4D99002F5FC9 /* 1.jpg in Resources */,
				C84A30ED1ACD4D99002F5FC9 /* 2.jpg in Resources */,
				C8EE1B9C1AD2A59E00F0FE37 /* big_buck_bunny.mp4 in Resources */,
				C84A30EE1ACD4D99002F5FC9 /* 3.jpg in Resources */,
				C84A30CE1ACD4B8D002F5FC9 /* LaunchScreen.xib in Resources */,
				C84A30CB1ACD4B8D002F5FC9 /* Images.xcassets in Resources */,
				C872770E1AD3DCEB008FAD5F /* video_1.mp4 in Resources */,
			);
			runOnlyForDeploymentPostprocessing = 0;
		};
		C84A30D11ACD4B8E002F5FC9 /* Resources */ = {
			isa = PBXResourcesBuildPhase;
			buildActionMask = 2147483647;
			files = (
			);
			runOnlyForDeploymentPostprocessing = 0;
		};
/* End PBXResourcesBuildPhase section */

/* Begin PBXSourcesBuildPhase section */
		C84A30B61ACD4B8D002F5FC9 /* Sources */ = {
			isa = PBXSourcesBuildPhase;
			buildActionMask = 2147483647;
			files = (
				C82D32A51AE0F93F008B7273 /* VideoPlayerView.m in Sources */,
				C84A30C61ACD4B8D002F5FC9 /* ViewController.m in Sources */,
				C82D32A41AE0F93F008B7273 /* DPCustomSlider.m in Sources */,
				C82D32A61AE0F93F008B7273 /* VideoPlayerViewController.m in Sources */,
				C84A30C31ACD4B8D002F5FC9 /* AppDelegate.m in Sources */,
				C84A30C01ACD4B8D002F5FC9 /* main.m in Sources */,
			);
			runOnlyForDeploymentPostprocessing = 0;
		};
		C84A30CF1ACD4B8E002F5FC9 /* Sources */ = {
			isa = PBXSourcesBuildPhase;
			buildActionMask = 2147483647;
			files = (
				C84A30DA1ACD4B8E002F5FC9 /* DPHeroSliderTests.m in Sources */,
			);
			runOnlyForDeploymentPostprocessing = 0;
		};
/* End PBXSourcesBuildPhase section */

/* Begin PBXTargetDependency section */
		C84A30D51ACD4B8E002F5FC9 /* PBXTargetDependency */ = {
			isa = PBXTargetDependency;
			target = C84A30B91ACD4B8D002F5FC9 /* DPHeroSlider */;
			targetProxy = C84A30D41ACD4B8E002F5FC9 /* PBXContainerItemProxy */;
		};
/* End PBXTargetDependency section */

/* Begin PBXVariantGroup section */
		C84A30C71ACD4B8D002F5FC9 /* Main.storyboard */ = {
			isa = PBXVariantGroup;
			children = (
				C84A30C81ACD4B8D002F5FC9 /* Base */,
			);
			name = Main.storyboard;
			sourceTree = "<group>";
		};
		C84A30CC1ACD4B8D002F5FC9 /* LaunchScreen.xib */ = {
			isa = PBXVariantGroup;
			children = (
				C84A30CD1ACD4B8D002F5FC9 /* Base */,
			);
			name = LaunchScreen.xib;
			sourceTree = "<group>";
		};
/* End PBXVariantGroup section */

/* Begin XCBuildConfiguration section */
		C84A30DB1ACD4B8E002F5FC9 /* Debug */ = {
			isa = XCBuildConfiguration;
			buildSettings = {
				ALWAYS_SEARCH_USER_PATHS = NO;
				CLANG_CXX_LANGUAGE_STANDARD = "gnu++0x";
				CLANG_CXX_LIBRARY = "libc++";
				CLANG_ENABLE_MODULES = YES;
				CLANG_ENABLE_OBJC_ARC = YES;
				CLANG_WARN_BOOL_CONVERSION = YES;
				CLANG_WARN_CONSTANT_CONVERSION = YES;
				CLANG_WARN_DIRECT_OBJC_ISA_USAGE = YES_ERROR;
				CLANG_WARN_EMPTY_BODY = YES;
				CLANG_WARN_ENUM_CONVERSION = YES;
				CLANG_WARN_INT_CONVERSION = YES;
				CLANG_WARN_OBJC_ROOT_CLASS = YES_ERROR;
				CLANG_WARN_UNREACHABLE_CODE = YES;
				CLANG_WARN__DUPLICATE_METHOD_MATCH = YES;
				"CODE_SIGN_IDENTITY[sdk=iphoneos*]" = "iPhone Developer";
				COPY_PHASE_STRIP = NO;
				ENABLE_STRICT_OBJC_MSGSEND = YES;
				GCC_C_LANGUAGE_STANDARD = gnu99;
				GCC_DYNAMIC_NO_PIC = NO;
				GCC_OPTIMIZATION_LEVEL = 0;
				GCC_PREPROCESSOR_DEFINITIONS = (
					"DEBUG=1",
					"$(inherited)",
				);
				GCC_SYMBOLS_PRIVATE_EXTERN = NO;
				GCC_WARN_64_TO_32_BIT_CONVERSION = YES;
				GCC_WARN_ABOUT_RETURN_TYPE = YES_ERROR;
				GCC_WARN_UNDECLARED_SELECTOR = YES;
				GCC_WARN_UNINITIALIZED_AUTOS = YES_AGGRESSIVE;
				GCC_WARN_UNUSED_FUNCTION = YES;
				GCC_WARN_UNUSED_VARIABLE = YES;
				IPHONEOS_DEPLOYMENT_TARGET = 7.0;
				MTL_ENABLE_DEBUG_INFO = YES;
				ONLY_ACTIVE_ARCH = YES;
				SDKROOT = iphoneos;
			};
			name = Debug;
		};
		C84A30DC1ACD4B8E002F5FC9 /* Release */ = {
			isa = XCBuildConfiguration;
			buildSettings = {
				ALWAYS_SEARCH_USER_PATHS = NO;
				CLANG_CXX_LANGUAGE_STANDARD = "gnu++0x";
				CLANG_CXX_LIBRARY = "libc++";
				CLANG_ENABLE_MODULES = YES;
				CLANG_ENABLE_OBJC_ARC = YES;
				CLANG_WARN_BOOL_CONVERSION = YES;
				CLANG_WARN_CONSTANT_CONVERSION = YES;
				CLANG_WARN_DIRECT_OBJC_ISA_USAGE = YES_ERROR;
				CLANG_WARN_EMPTY_BODY = YES;
				CLANG_WARN_ENUM_CONVERSION = YES;
				CLANG_WARN_INT_CONVERSION = YES;
				CLANG_WARN_OBJC_ROOT_CLASS = YES_ERROR;
				CLANG_WARN_UNREACHABLE_CODE = YES;
				CLANG_WARN__DUPLICATE_METHOD_MATCH = YES;
				"CODE_SIGN_IDENTITY[sdk=iphoneos*]" = "iPhone Developer";
				COPY_PHASE_STRIP = YES;
				ENABLE_NS_ASSERTIONS = NO;
				ENABLE_STRICT_OBJC_MSGSEND = YES;
				GCC_C_LANGUAGE_STANDARD = gnu99;
				GCC_WARN_64_TO_32_BIT_CONVERSION = YES;
				GCC_WARN_ABOUT_RETURN_TYPE = YES_ERROR;
				GCC_WARN_UNDECLARED_SELECTOR = YES;
				GCC_WARN_UNINITIALIZED_AUTOS = YES_AGGRESSIVE;
				GCC_WARN_UNUSED_FUNCTION = YES;
				GCC_WARN_UNUSED_VARIABLE = YES;
				IPHONEOS_DEPLOYMENT_TARGET = 7.0;
				MTL_ENABLE_DEBUG_INFO = NO;
				SDKROOT = iphoneos;
				VALIDATE_PRODUCT = YES;
			};
			name = Release;
		};
		C84A30DE1ACD4B8E002F5FC9 /* Debug */ = {
			isa = XCBuildConfiguration;
			buildSettings = {
				ASSETCATALOG_COMPILER_APPICON_NAME = AppIcon;
				ASSETCATALOG_COMPILER_LAUNCHIMAGE_NAME = LaunchImage;
				INFOPLIST_FILE = DPHeroSlider/Info.plist;
				IPHONEOS_DEPLOYMENT_TARGET = 7.0;
				LD_RUNPATH_SEARCH_PATHS = "$(inherited) @executable_path/Frameworks";
				PRODUCT_NAME = "$(TARGET_NAME)";
			};
			name = Debug;
		};
		C84A30DF1ACD4B8E002F5FC9 /* Release */ = {
			isa = XCBuildConfiguration;
			buildSettings = {
				ASSETCATALOG_COMPILER_APPICON_NAME = AppIcon;
				ASSETCATALOG_COMPILER_LAUNCHIMAGE_NAME = LaunchImage;
				INFOPLIST_FILE = DPHeroSlider/Info.plist;
				IPHONEOS_DEPLOYMENT_TARGET = 7.0;
				LD_RUNPATH_SEARCH_PATHS = "$(inherited) @executable_path/Frameworks";
				PRODUCT_NAME = "$(TARGET_NAME)";
			};
			name = Release;
		};
		C84A30E11ACD4B8E002F5FC9 /* Debug */ = {
			isa = XCBuildConfiguration;
			buildSettings = {
				BUNDLE_LOADER = "$(TEST_HOST)";
				FRAMEWORK_SEARCH_PATHS = (
					"$(SDKROOT)/Developer/Library/Frameworks",
					"$(inherited)",
				);
				GCC_PREPROCESSOR_DEFINITIONS = (
					"DEBUG=1",
					"$(inherited)",
				);
				INFOPLIST_FILE = DPHeroSliderTests/Info.plist;
				LD_RUNPATH_SEARCH_PATHS = "$(inherited) @executable_path/Frameworks @loader_path/Frameworks";
				PRODUCT_NAME = "$(TARGET_NAME)";
				TEST_HOST = "$(BUILT_PRODUCTS_DIR)/DPHeroSlider.app/DPHeroSlider";
			};
			name = Debug;
		};
		C84A30E21ACD4B8E002F5FC9 /* Release */ = {
			isa = XCBuildConfiguration;
			buildSettings = {
				BUNDLE_LOADER = "$(TEST_HOST)";
				FRAMEWORK_SEARCH_PATHS = (
					"$(SDKROOT)/Developer/Library/Frameworks",
					"$(inherited)",
				);
				INFOPLIST_FILE = DPHeroSliderTests/Info.plist;
				LD_RUNPATH_SEARCH_PATHS = "$(inherited) @executable_path/Frameworks @loader_path/Frameworks";
				PRODUCT_NAME = "$(TARGET_NAME)";
				TEST_HOST = "$(BUILT_PRODUCTS_DIR)/DPHeroSlider.app/DPHeroSlider";
			};
			name = Release;
		};
/* End XCBuildConfiguration section */

/* Begin XCConfigurationList section */
		C84A30B51ACD4B8D002F5FC9 /* Build configuration list for PBXProject "DPHeroSlider" */ = {
			isa = XCConfigurationList;
			buildConfigurations = (
				C84A30DB1ACD4B8E002F5FC9 /* Debug */,
				C84A30DC1ACD4B8E002F5FC9 /* Release */,
			);
			defaultConfigurationIsVisible = 0;
			defaultConfigurationName = Release;
		};
		C84A30DD1ACD4B8E002F5FC9 /* Build configuration list for PBXNativeTarget "DPHeroSlider" */ = {
			isa = XCConfigurationList;
			buildConfigurations = (
				C84A30DE1ACD4B8E002F5FC9 /* Debug */,
				C84A30DF1ACD4B8E002F5FC9 /* Release */,
			);
			defaultConfigurationIsVisible = 0;
			defaultConfigurationName = Release;
		};
		C84A30E01ACD4B8E002F5FC9 /* Build configuration list for PBXNativeTarget "DPHeroSliderTests" */ = {
			isa = XCConfigurationList;
			buildConfigurations = (
				C84A30E11ACD4B8E002F5FC9 /* Debug */,
				C84A30E21ACD4B8E002F5FC9 /* Release */,
			);
			defaultConfigurationIsVisible = 0;
			defaultConfigurationName = Release;
		};
/* End XCConfigurationList section */
	};
	rootObject = C84A30B21ACD4B8D002F5FC9 /* Project object */;
}
